
Microsoft Visual Studio Solution File, Format Version 11.00
# Visual Studio 2010
Project("{FAE04EC0-301F-11D3-BF4B-00C04F79EFBC}") = "server", "server\server.csproj", "{8681E0FB-932C-4E05-8845-280AF9CB9C0C}"
EndProject
Project("{FAE04EC0-301F-11D3-BF4B-00C04F79EFBC}") = "WorldLogic", "WorldLogic\WorldLogic.csproj", "{130ADB6F-B3AB-4FDC-8D49-0E4B0E9E8A0B}"
EndProject
Project("{FAE04EC0-301F-11D3-BF4B-00C04F79EFBC}") = "SpatialModel", "SpatialModel\SpatialModel.csproj", "{7D025C24-90B4-401E-98DF-9A764E765A59}"
EndProject
Project("{FAE04EC0-301F-11D3-BF4B-00C04F79EFBC}") = "Commands", "Commands\Commands.csproj", "{C6E725CD-19F0-49E9-AB3E-92D0E9B5D5EA}"
EndProject
Project("{FAE04EC0-301F-11D3-BF4B-00C04F79EFBC}") = "Events", "Events\Events.csproj", "{43DACA66-CF12-4CD2-8D32-82BAD760F8D1}"
EndProject
Project("{FAE04EC0-301F-11D3-BF4B-00C04F79EFBC}") = "WorldHistory", "WorldHistory\WorldHistory.csproj", "{05CF665C-CAE2-4880-895D-549BF3360B07}"
EndProject
Project("{FAE04EC0-301F-11D3-BF4B-00C04F79EFBC}") = "WorldHistoryTests", "WorldHistoryTests\WorldHistoryTests.csproj", "{17883640-96CE-4880-890A-C3FF2D6DCFCD}"
EndProject
Project("{2150E333-8FDC-42A3-9474-1A3956D46DE8}") = "Solution Items", "Solution Items", "{06AD60E2-E61B-47EB-AF5D-7DCE05C21FF8}"
	ProjectSection(SolutionItems) = preProject
		Local.testsettings = Local.testsettings
		locstream.vsmdi = locstream.vsmdi
		TraceAndTestImpact.testsettings = TraceAndTestImpact.testsettings
	EndProjectSection
EndProject
Global
	GlobalSection(TestCaseManagementSettings) = postSolution
		CategoryFile = locstream.vsmdi
	EndGlobalSection
	GlobalSection(SolutionConfigurationPlatforms) = preSolution
		Debug|Any CPU = Debug|Any CPU
		Debug|Mixed Platforms = Debug|Mixed Platforms
		Debug|x86 = Debug|x86
		Release|Any CPU = Release|Any CPU
		Release|Mixed Platforms = Release|Mixed Platforms
		Release|x86 = Release|x86
	EndGlobalSection
	GlobalSection(ProjectConfigurationPlatforms) = postSolution
		{8681E0FB-932C-4E05-8845-280AF9CB9C0C}.Debug|Any CPU.ActiveCfg = Debug|x86
		{8681E0FB-932C-4E05-8845-280AF9CB9C0C}.Debug|Mixed Platforms.ActiveCfg = Debug|x86
		{8681E0FB-932C-4E05-8845-280AF9CB9C0C}.Debug|Mixed Platforms.Build.0 = Debug|x86
		{8681E0FB-932C-4E05-8845-280AF9CB9C0C}.Debug|x86.ActiveCfg = Debug|x86
		{8681E0FB-932C-4E05-8845-280AF9CB9C0C}.Debug|x86.Build.0 = Debug|x86
		{8681E0FB-932C-4E05-8845-280AF9CB9C0C}.Release|Any CPU.ActiveCfg = Release|x86
		{8681E0FB-932C-4E05-8845-280AF9CB9C0C}.Release|Mixed Platforms.ActiveCfg = Release|x86
		{8681E0FB-932C-4E05-8845-280AF9CB9C0C}.Release|Mixed Platforms.Build.0 = Release|x86
		{8681E0FB-932C-4E05-8845-280AF9CB9C0C}.Release|x86.ActiveCfg = Release|x86
		{8681E0FB-932C-4E05-8845-280AF9CB9C0C}.Release|x86.Build.0 = Release|x86
		{130ADB6F-B3AB-4FDC-8D49-0E4B0E9E8A0B}.Debug|Any CPU.ActiveCfg = Debug|Any CPU
		{130ADB6F-B3AB-4FDC-8D49-0E4B0E9E8A0B}.Debug|Any CPU.Build.0 = Debug|Any CPU
		{130ADB6F-B3AB-4FDC-8D49-0E4B0E9E8A0B}.Debug|Mixed Platforms.ActiveCfg = Debug|Any CPU
		{130ADB6F-B3AB-4FDC-8D49-0E4B0E9E8A0B}.Debug|Mixed Platforms.Build.0 = Debug|Any CPU
		{130ADB6F-B3AB-4FDC-8D49-0E4B0E9E8A0B}.Debug|x86.ActiveCfg = Debug|Any CPU
		{130ADB6F-B3AB-4FDC-8D49-0E4B0E9E8A0B}.Release|Any CPU.ActiveCfg = Release|Any CPU
		{130ADB6F-B3AB-4FDC-8D49-0E4B0E9E8A0B}.Release|Any CPU.Build.0 = Release|Any CPU
		{130ADB6F-B3AB-4FDC-8D49-0E4B0E9E8A0B}.Release|Mixed Platforms.ActiveCfg = Release|Any CPU
		{130ADB6F-B3AB-4FDC-8D49-0E4B0E9E8A0B}.Release|Mixed Platforms.Build.0 = Release|Any CPU
		{130ADB6F-B3AB-4FDC-8D49-0E4B0E9E8A0B}.Release|x86.ActiveCfg = Release|Any CPU
		{7D025C24-90B4-401E-98DF-9A764E765A59}.Debug|Any CPU.ActiveCfg = Debug|Any CPU
		{7D025C24-90B4-401E-98DF-9A764E765A59}.Debug|Any CPU.Build.0 = Debug|Any CPU
		{7D025C24-90B4-401E-98DF-9A764E765A59}.Debug|Mixed Platforms.ActiveCfg = Debug|Any CPU
		{7D025C24-90B4-401E-98DF-9A764E765A59}.Debug|Mixed Platforms.Build.0 = Debug|Any CPU
		{7D025C24-90B4-401E-98DF-9A764E765A59}.Debug|x86.ActiveCfg = Debug|Any CPU
		{7D025C24-90B4-401E-98DF-9A764E765A59}.Release|Any CPU.ActiveCfg = Release|Any CPU
		{7D025C24-90B4-401E-98DF-9A764E765A59}.Release|Any CPU.Build.0 = Release|Any CPU
		{7D025C24-90B4-401E-98DF-9A764E765A59}.Release|Mixed Platforms.ActiveCfg = Release|Any CPU
		{7D025C24-90B4-401E-98DF-9A764E765A59}.Release|Mixed Platforms.Build.0 = Release|Any CPU
		{7D025C24-90B4-401E-98DF-9A764E765A59}.Release|x86.ActiveCfg = Release|Any CPU
		{C6E725CD-19F0-49E9-AB3E-92D0E9B5D5EA}.Debug|Any CPU.ActiveCfg = Debug|Any CPU
		{C6E725CD-19F0-49E9-AB3E-92D0E9B5D5EA}.Debug|Any CPU.Build.0 = Debug|Any CPU
		{C6E725CD-19F0-49E9-AB3E-92D0E9B5D5EA}.Debug|Mixed Platforms.ActiveCfg = Debug|Any CPU
		{C6E725CD-19F0-49E9-AB3E-92D0E9B5D5EA}.Debug|Mixed Platforms.Build.0 = Debug|Any CPU
		{C6E725CD-19F0-49E9-AB3E-92D0E9B5D5EA}.Debug|x86.ActiveCfg = Debug|Any CPU
		{C6E725CD-19F0-49E9-AB3E-92D0E9B5D5EA}.Release|Any CPU.ActiveCfg = Release|Any CPU
		{C6E725CD-19F0-49E9-AB3E-92D0E9B5D5EA}.Release|Any CPU.Build.0 = Release|Any CPU
		{C6E725CD-19F0-49E9-AB3E-92D0E9B5D5EA}.Release|Mixed Platforms.ActiveCfg = Release|Any CPU
		{C6E725CD-19F0-49E9-AB3E-92D0E9B5D5EA}.Release|Mixed Platforms.Build.0 = Release|Any CPU
		{C6E725CD-19F0-49E9-AB3E-92D0E9B5D5EA}.Release|x86.ActiveCfg = Release|Any CPU
		{43DACA66-CF12-4CD2-8D32-82BAD760F8D1}.Debug|Any CPU.ActiveCfg = Debug|Any CPU
		{43DACA66-CF12-4CD2-8D32-82BAD760F8D1}.Debug|Any CPU.Build.0 = Debug|Any CPU
		{43DACA66-CF12-4CD2-8D32-82BAD760F8D1}.Debug|Mixed Platforms.ActiveCfg = Debug|Any CPU
		{43DACA66-CF12-4CD2-8D32-82BAD760F8D1}.Debug|Mixed Platforms.Build.0 = Debug|Any CPU
		{43DACA66-CF12-4CD2-8D32-82BAD760F8D1}.Debug|x86.ActiveCfg = Debug|Any CPU
		{43DACA66-CF12-4CD2-8D32-82BAD760F8D1}.Release|Any CPU.ActiveCfg = Release|Any CPU
		{43DACA66-CF12-4CD2-8D32-82BAD760F8D1}.Release|Any CPU.Build.0 = Release|Any CPU
		{43DACA66-CF12-4CD2-8D32-82BAD760F8D1}.Release|Mixed Platforms.ActiveCfg = Release|Any CPU
		{43DACA66-CF12-4CD2-8D32-82BAD760F8D1}.Release|Mixed Platforms.Build.0 = Release|Any CPU
		{43DACA66-CF12-4CD2-8D32-82BAD760F8D1}.Release|x86.ActiveCfg = Release|Any CPU
		{05CF665C-CAE2-4880-895D-549BF3360B07}.Debug|Any CPU.ActiveCfg = Debug|Any CPU
		{05CF665C-CAE2-4880-895D-549BF3360B07}.Debug|Any CPU.Build.0 = Debug|Any CPU
		{05CF665C-CAE2-4880-895D-549BF3360B07}.Debug|Mixed Platforms.ActiveCfg = Debug|Any CPU
		{05CF665C-CAE2-4880-895D-549BF3360B07}.Debug|Mixed Platforms.Build.0 = Debug|Any CPU
		{05CF665C-CAE2-4880-895D-549BF3360B07}.Debug|x86.ActiveCfg = Debug|Any CPU
		{05CF665C-CAE2-4880-895D-549BF3360B07}.Release|Any CPU.ActiveCfg = Release|Any CPU
		{05CF665C-CAE2-4880-895D-549BF3360B07}.Release|Any CPU.Build.0 = Release|Any CPU
		{05CF665C-CAE2-4880-895D-549BF3360B07}.Release|Mixed Platforms.ActiveCfg = Release|Any CPU
		{05CF665C-CAE2-4880-895D-549BF3360B07}.Release|Mixed Platforms.Build.0 = Release|Any CPU
		{05CF665C-CAE2-4880-895D-549BF3360B07}.Release|x86.ActiveCfg = Release|Any CPU
		{17883640-96CE-4880-890A-C3FF2D6DCFCD}.Debug|Any CPU.ActiveCfg = Debug|Any CPU
		{17883640-96CE-4880-890A-C3FF2D6DCFCD}.Debug|Any CPU.Build.0 = Debug|Any CPU
		{17883640-96CE-4880-890A-C3FF2D6DCFCD}.Debug|Mixed Platforms.ActiveCfg = Debug|Any CPU
		{17883640-96CE-4880-890A-C3FF2D6DCFCD}.Debug|Mixed Platforms.Build.0 = Debug|Any CPU
		{17883640-96CE-4880-890A-C3FF2D6DCFCD}.Debug|x86.ActiveCfg = Debug|Any CPU
		{17883640-96CE-4880-890A-C3FF2D6DCFCD}.Release|Any CPU.ActiveCfg = Release|Any CPU
		{17883640-96CE-4880-890A-C3FF2D6DCFCD}.Release|Any CPU.Build.0 = Release|Any CPU
		{17883640-96CE-4880-890A-C3FF2D6DCFCD}.Release|Mixed Platforms.ActiveCfg = Release|Any CPU
		{17883640-96CE-4880-890A-C3FF2D6DCFCD}.Release|Mixed Platforms.Build.0 = Release|Any CPU
		{17883640-96CE-4880-890A-C3FF2D6DCFCD}.Release|x86.ActiveCfg = Release|Any CPU
	EndGlobalSection
	GlobalSection(SolutionProperties) = preSolution
		HideSolutionNode = FALSE
	EndGlobalSection
EndGlobal
